
Microsoft Visual Studio Solution File, Format Version 12.00
# Visual Studio Version 17
VisualStudioVersion = 17.4.33213.308
MinimumVisualStudioVersion = 10.0.40219.1
Project("{9A19103F-16F7-4668-BE54-9A1E7A4F7556}") = "CleanArchMvc.Domain", "CleanArchMvc.Domain\CleanArchMvc.Domain.csproj", "{2847AE67-5379-4E5A-8C28-F7626C55C297}"
EndProject
Project("{9A19103F-16F7-4668-BE54-9A1E7A4F7556}") = "CleanArchMvc.Application", "CleanArchMvc.Application\CleanArchMvc.Application.csproj", "{64B89B71-131F-4852-B2F2-3880E1DC86E2}"
EndProject
Project("{9A19103F-16F7-4668-BE54-9A1E7A4F7556}") = "CleanArchMvc.Infra.Data", "CleanArchMvc.Infra.Data\CleanArchMvc.Infra.Data.csproj", "{03B4D9FF-4F38-4AE2-86B5-BEB83BDBF5A3}"
EndProject
Project("{9A19103F-16F7-4668-BE54-9A1E7A4F7556}") = "CleanArchMvc.Infra.IoC", "CleanArchMvc.Infra.IoC\CleanArchMvc.Infra.IoC.csproj", "{85067A20-34AB-44E5-A7BD-54CA072D8E67}"
EndProject
Project("{9A19103F-16F7-4668-BE54-9A1E7A4F7556}") = "CleanArchMvc.WebUi", "CleanArchMvc.WebUi\CleanArchMvc.WebUi.csproj", "{99BC8773-C3DE-414E-8E28-BFA86618F747}"
EndProject
Project("{9A19103F-16F7-4668-BE54-9A1E7A4F7556}") = "CleanArchMvc.Domain.Tests", "CleanArchMvc.Domain.Tests\CleanArchMvc.Domain.Tests.csproj", "{491D7C8E-26EF-4013-81F8-1365D2C3F786}"
EndProject
Project("{FAE04EC0-301F-11D3-BF4B-00C04F79EFBC}") = "CleanArchMvc.Api", "CleanArchMvc.Api\CleanArchMvc.Api.csproj", "{6049DC00-6B3C-409F-8322-E7AF41DBFC4A}"
EndProject
Global
	GlobalSection(SolutionConfigurationPlatforms) = preSolution
		Debug|Any CPU = Debug|Any CPU
		Release|Any CPU = Release|Any CPU
	EndGlobalSection
	GlobalSection(ProjectConfigurationPlatforms) = postSolution
		{2847AE67-5379-4E5A-8C28-F7626C55C297}.Debug|Any CPU.ActiveCfg = Debug|Any CPU
		{2847AE67-5379-4E5A-8C28-F7626C55C297}.Debug|Any CPU.Build.0 = Debug|Any CPU
		{2847AE67-5379-4E5A-8C28-F7626C55C297}.Release|Any CPU.ActiveCfg = Release|Any CPU
		{2847AE67-5379-4E5A-8C28-F7626C55C297}.Release|Any CPU.Build.0 = Release|Any CPU
		{64B89B71-131F-4852-B2F2-3880E1DC86E2}.Debug|Any CPU.ActiveCfg = Debug|Any CPU
		{64B89B71-131F-4852-B2F2-3880E1DC86E2}.Debug|Any CPU.Build.0 = Debug|Any CPU
		{64B89B71-131F-4852-B2F2-3880E1DC86E2}.Release|Any CPU.ActiveCfg = Release|Any CPU
		{64B89B71-131F-4852-B2F2-3880E1DC86E2}.Release|Any CPU.Build.0 = Release|Any CPU
		{03B4D9FF-4F38-4AE2-86B5-BEB83BDBF5A3}.Debug|Any CPU.ActiveCfg = Debug|Any CPU
		{03B4D9FF-4F38-4AE2-86B5-BEB83BDBF5A3}.Debug|Any CPU.Build.0 = Debug|Any CPU
		{03B4D9FF-4F38-4AE2-86B5-BEB83BDBF5A3}.Release|Any CPU.ActiveCfg = Release|Any CPU
		{03B4D9FF-4F38-4AE2-86B5-BEB83BDBF5A3}.Release|Any CPU.Build.0 = Release|Any CPU
		{85067A20-34AB-44E5-A7BD-54CA072D8E67}.Debug|Any CPU.ActiveCfg = Debug|Any CPU
		{85067A20-34AB-44E5-A7BD-54CA072D8E67}.Debug|Any CPU.Build.0 = Debug|Any CPU
		{85067A20-34AB-44E5-A7BD-54CA072D8E67}.Release|Any CPU.ActiveCfg = Release|Any CPU
		{85067A20-34AB-44E5-A7BD-54CA072D8E67}.Release|Any CPU.Build.0 = Release|Any CPU
		{99BC8773-C3DE-414E-8E28-BFA86618F747}.Debug|Any CPU.ActiveCfg = Debug|Any CPU
		{99BC8773-C3DE-414E-8E28-BFA86618F747}.Debug|Any CPU.Build.0 = Debug|Any CPU
		{99BC8773-C3DE-414E-8E28-BFA86618F747}.Release|Any CPU.ActiveCfg = Release|Any CPU
		{99BC8773-C3DE-414E-8E28-BFA86618F747}.Release|Any CPU.Build.0 = Release|Any CPU
		{491D7C8E-26EF-4013-81F8-1365D2C3F786}.Debug|Any CPU.ActiveCfg = Debug|Any CPU
		{491D7C8E-26EF-4013-81F8-1365D2C3F786}.Debug|Any CPU.Build.0 = Debug|Any CPU
		{491D7C8E-26EF-4013-81F8-1365D2C3F786}.Release|Any CPU.ActiveCfg = Release|Any CPU
		{491D7C8E-26EF-4013-81F8-1365D2C3F786}.Release|Any CPU.Build.0 = Release|Any CPU
		{6049DC00-6B3C-409F-8322-E7AF41DBFC4A}.Debug|Any CPU.ActiveCfg = Debug|Any CPU
		{6049DC00-6B3C-409F-8322-E7AF41DBFC4A}.Debug|Any CPU.Build.0 = Debug|Any CPU
		{6049DC00-6B3C-409F-8322-E7AF41DBFC4A}.Release|Any CPU.ActiveCfg = Release|Any CPU
		{6049DC00-6B3C-409F-8322-E7AF41DBFC4A}.Release|Any CPU.Build.0 = Release|Any CPU
	EndGlobalSection
	GlobalSection(SolutionProperties) = preSolution
		HideSolutionNode = FALSE
	EndGlobalSection
	GlobalSection(ExtensibilityGlobals) = postSolution
		SolutionGuid = {EB01D31C-F93F-4FF3-AAF3-78D51FACD9AC}
	EndGlobalSection
EndGlobal
